
Microsoft Visual Studio Solution File, Format Version 12.00
# Visual Studio Version 17
VisualStudioVersion = 17.0.32112.339
MinimumVisualStudioVersion = 15.0.26124.0
Project("{2150E333-8FDC-42A3-9474-1A3956D46DE8}") = "Solution Items", "Solution Items", "{3C24AA46-3134-4DE4-89C5-E9A5DC144FCE}"
	ProjectSection(SolutionItems) = preProject
		.editorconfig = .editorconfig
		publish-NuGet.bat = publish-NuGet.bat
		publish-templates.bat = publish-templates.bat
		README.md = README.md
	EndProjectSection
EndProject
Project("{2150E333-8FDC-42A3-9474-1A3956D46DE8}") = "Shared", "Shared", "{3A446DC7-8794-4A0D-9691-86CFC0ABBA63}"
	ProjectSection(SolutionItems) = preProject
		Shared\SpiderEye.ruleset = Shared\SpiderEye.ruleset
		Shared\SpiderEye.Shared.CodeStyle.proj = Shared\SpiderEye.Shared.CodeStyle.proj
		Shared\SpiderEye.Shared.NuGet.proj = Shared\SpiderEye.Shared.NuGet.proj
		Shared\stylecop.json = Shared\stylecop.json
	EndProjectSection
EndProject
Project("{2150E333-8FDC-42A3-9474-1A3956D46DE8}") = "Source", "Source", "{E31A3241-D926-405D-B557-79C9EBFF0134}"
EndProject
Project("{9A19103F-16F7-4668-BE54-9A1E7A4F7556}") = "SpiderEye.Core", "Source\SpiderEye.Core\SpiderEye.Core.csproj", "{E35D2DF8-6640-4CB4-9D4C-D3CDCDF2F005}"
EndProject
Project("{9A19103F-16F7-4668-BE54-9A1E7A4F7556}") = "SpiderEye.Linux", "Source\SpiderEye.Linux\SpiderEye.Linux.csproj", "{A4C2EF3F-50E2-4B90-AD33-BBBDE3FC3A2B}"
EndProject
Project("{9A19103F-16F7-4668-BE54-9A1E7A4F7556}") = "SpiderEye.Mac", "Source\SpiderEye.Mac\SpiderEye.Mac.csproj", "{0401CCB4-EF26-4ED3-9372-A7546A589BF6}"
EndProject
Project("{9A19103F-16F7-4668-BE54-9A1E7A4F7556}") = "SpiderEye.Windows", "Source\SpiderEye.Windows\SpiderEye.Windows.csproj", "{9BA95CCE-4B3D-43F4-BC81-E1385E196630}"
EndProject
Project("{2150E333-8FDC-42A3-9474-1A3956D46DE8}") = "Tests", "Tests", "{349E7217-AD29-4642-A4B1-F13A96BC2D77}"
EndProject
Project("{9A19103F-16F7-4668-BE54-9A1E7A4F7556}") = "SpiderEye.Core.UnitTests", "Tests\SpiderEye.Core.UnitTests\SpiderEye.Core.UnitTests.csproj", "{60A8342F-2A4C-4DF9-8E22-DCFDC32561FC}"
EndProject
Project("{2150E333-8FDC-42A3-9474-1A3956D46DE8}") = "Playground", "Playground", "{000A4847-8DB3-4836-8D86-C2D65D55E496}"
EndProject
Project("{2150E333-8FDC-42A3-9474-1A3956D46DE8}") = "Shared", "Shared", "{D70239CE-F618-42AB-9C36-517BBB3E1BF5}"
	ProjectSection(SolutionItems) = preProject
		Playground\Shared\publish.bat = Playground\Shared\publish.bat
		Playground\Shared\publish.sh = Playground\Shared\publish.sh
		Playground\Shared\SpiderEye.Playground.Shared.proj = Playground\Shared\SpiderEye.Playground.Shared.proj
	EndProjectSection
EndProject
Project("{9A19103F-16F7-4668-BE54-9A1E7A4F7556}") = "SpiderEye.Playground.Windows", "Playground\SpiderEye.Playground.Windows\SpiderEye.Playground.Windows.csproj", "{ED375723-880D-4D22-B06A-FA8FA4E5567F}"
EndProject
Project("{9A19103F-16F7-4668-BE54-9A1E7A4F7556}") = "SpiderEye.Playground.Linux", "Playground\SpiderEye.Playground.Linux\SpiderEye.Playground.Linux.csproj", "{8BAA95E6-038C-4199-AE80-6F7EAFEC5F2F}"
EndProject
Project("{9A19103F-16F7-4668-BE54-9A1E7A4F7556}") = "SpiderEye.Playground.Mac", "Playground\SpiderEye.Playground.Mac\SpiderEye.Playground.Mac.csproj", "{A2986266-3FB0-4270-A8F2-63512E4CAF81}"
EndProject
Project("{9A19103F-16F7-4668-BE54-9A1E7A4F7556}") = "SpiderEye.Playground.Core", "Playground\SpiderEye.Playground.Core\SpiderEye.Playground.Core.csproj", "{8C1EE929-3D6E-4E33-99A4-46D329447CDB}"
EndProject
Project("{2150E333-8FDC-42A3-9474-1A3956D46DE8}") = "Templates", "Templates", "{9B71F506-6648-4E17-ADF8-A586875055D7}"
EndProject
Project("{9A19103F-16F7-4668-BE54-9A1E7A4F7556}") = "SpiderEye.Templates", "Templates\SpiderEye.Templates\SpiderEye.Templates.csproj", "{758B656F-9FF6-4F58-9690-06D0C267159E}"
EndProject
Project("{2150E333-8FDC-42A3-9474-1A3956D46DE8}") = "Shared", "Shared", "{4770A3C6-12A4-49E3-BC59-D669B50F189C}"
	ProjectSection(SolutionItems) = preProject
		Source\Shared\SpiderEye.Shared.Platform.proj = Source\Shared\SpiderEye.Shared.Platform.proj
		Source\Shared\SpiderEye.Shared.proj = Source\Shared\SpiderEye.Shared.proj
	EndProjectSection
EndProject
Global
	GlobalSection(SolutionConfigurationPlatforms) = preSolution
		Debug|Any CPU = Debug|Any CPU
		Release|Any CPU = Release|Any CPU
	EndGlobalSection
	GlobalSection(ProjectConfigurationPlatforms) = postSolution
		{E35D2DF8-6640-4CB4-9D4C-D3CDCDF2F005}.Debug|Any CPU.ActiveCfg = Debug|Any CPU
		{E35D2DF8-6640-4CB4-9D4C-D3CDCDF2F005}.Debug|Any CPU.Build.0 = Debug|Any CPU
		{E35D2DF8-6640-4CB4-9D4C-D3CDCDF2F005}.Release|Any CPU.ActiveCfg = Release|Any CPU
		{E35D2DF8-6640-4CB4-9D4C-D3CDCDF2F005}.Release|Any CPU.Build.0 = Release|Any CPU
		{A4C2EF3F-50E2-4B90-AD33-BBBDE3FC3A2B}.Debug|Any CPU.ActiveCfg = Debug|Any CPU
		{A4C2EF3F-50E2-4B90-AD33-BBBDE3FC3A2B}.Debug|Any CPU.Build.0 = Debug|Any CPU
		{A4C2EF3F-50E2-4B90-AD33-BBBDE3FC3A2B}.Release|Any CPU.ActiveCfg = Release|Any CPU
		{A4C2EF3F-50E2-4B90-AD33-BBBDE3FC3A2B}.Release|Any CPU.Build.0 = Release|Any CPU
		{0401CCB4-EF26-4ED3-9372-A7546A589BF6}.Debug|Any CPU.ActiveCfg = Debug|Any CPU
		{0401CCB4-EF26-4ED3-9372-A7546A589BF6}.Debug|Any CPU.Build.0 = Debug|Any CPU
		{0401CCB4-EF26-4ED3-9372-A7546A589BF6}.Release|Any CPU.ActiveCfg = Release|Any CPU
		{0401CCB4-EF26-4ED3-9372-A7546A589BF6}.Release|Any CPU.Build.0 = Release|Any CPU
		{9BA95CCE-4B3D-43F4-BC81-E1385E196630}.Debug|Any CPU.ActiveCfg = Debug|Any CPU
		{9BA95CCE-4B3D-43F4-BC81-E1385E196630}.Debug|Any CPU.Build.0 = Debug|Any CPU
		{9BA95CCE-4B3D-43F4-BC81-E1385E196630}.Release|Any CPU.ActiveCfg = Release|Any CPU
		{9BA95CCE-4B3D-43F4-BC81-E1385E196630}.Release|Any CPU.Build.0 = Release|Any CPU
		{60A8342F-2A4C-4DF9-8E22-DCFDC32561FC}.Debug|Any CPU.ActiveCfg = Debug|Any CPU
		{60A8342F-2A4C-4DF9-8E22-DCFDC32561FC}.Debug|Any CPU.Build.0 = Debug|Any CPU
		{60A8342F-2A4C-4DF9-8E22-DCFDC32561FC}.Release|Any CPU.ActiveCfg = Release|Any CPU
		{60A8342F-2A4C-4DF9-8E22-DCFDC32561FC}.Release|Any CPU.Build.0 = Release|Any CPU
		{ED375723-880D-4D22-B06A-FA8FA4E5567F}.Debug|Any CPU.ActiveCfg = Debug|Any CPU
		{ED375723-880D-4D22-B06A-FA8FA4E5567F}.Debug|Any CPU.Build.0 = Debug|Any CPU
		{ED375723-880D-4D22-B06A-FA8FA4E5567F}.Release|Any CPU.ActiveCfg = Release|Any CPU
		{ED375723-880D-4D22-B06A-FA8FA4E5567F}.Release|Any CPU.Build.0 = Release|Any CPU
		{8BAA95E6-038C-4199-AE80-6F7EAFEC5F2F}.Debug|Any CPU.ActiveCfg = Debug|Any CPU
		{8BAA95E6-038C-4199-AE80-6F7EAFEC5F2F}.Debug|Any CPU.Build.0 = Debug|Any CPU
		{8BAA95E6-038C-4199-AE80-6F7EAFEC5F2F}.Release|Any CPU.ActiveCfg = Release|Any CPU
		{8BAA95E6-038C-4199-AE80-6F7EAFEC5F2F}.Release|Any CPU.Build.0 = Release|Any CPU
		{A2986266-3FB0-4270-A8F2-63512E4CAF81}.Debug|Any CPU.ActiveCfg = Debug|Any CPU
		{A2986266-3FB0-4270-A8F2-63512E4CAF81}.Debug|Any CPU.Build.0 = Debug|Any CPU
		{A2986266-3FB0-4270-A8F2-63512E4CAF81}.Release|Any CPU.ActiveCfg = Release|Any CPU
		{A2986266-3FB0-4270-A8F2-63512E4CAF81}.Release|Any CPU.Build.0 = Release|Any CPU
		{8C1EE929-3D6E-4E33-99A4-46D329447CDB}.Debug|Any CPU.ActiveCfg = Debug|Any CPU
		{8C1EE929-3D6E-4E33-99A4-46D329447CDB}.Debug|Any CPU.Build.0 = Debug|Any CPU
		{8C1EE929-3D6E-4E33-99A4-46D329447CDB}.Release|Any CPU.ActiveCfg = Release|Any CPU
		{8C1EE929-3D6E-4E33-99A4-46D329447CDB}.Release|Any CPU.Build.0 = Release|Any CPU
		{758B656F-9FF6-4F58-9690-06D0C267159E}.Debug|Any CPU.ActiveCfg = Debug|Any CPU
		{758B656F-9FF6-4F58-9690-06D0C267159E}.Debug|Any CPU.Build.0 = Debug|Any CPU
		{758B656F-9FF6-4F58-9690-06D0C267159E}.Release|Any CPU.ActiveCfg = Release|Any CPU
		{758B656F-9FF6-4F58-9690-06D0C267159E}.Release|Any CPU.Build.0 = Release|Any CPU
	EndGlobalSection
	GlobalSection(SolutionProperties) = preSolution
		HideSolutionNode = FALSE
	EndGlobalSection
	GlobalSection(NestedProjects) = preSolution
		{E35D2DF8-6640-4CB4-9D4C-D3CDCDF2F005} = {E31A3241-D926-405D-B557-79C9EBFF0134}
		{A4C2EF3F-50E2-4B90-AD33-BBBDE3FC3A2B} = {E31A3241-D926-405D-B557-79C9EBFF0134}
		{0401CCB4-EF26-4ED3-9372-A7546A589BF6} = {E31A3241-D926-405D-B557-79C9EBFF0134}
		{9BA95CCE-4B3D-43F4-BC81-E1385E196630} = {E31A3241-D926-405D-B557-79C9EBFF0134}
		{60A8342F-2A4C-4DF9-8E22-DCFDC32561FC} = {349E7217-AD29-4642-A4B1-F13A96BC2D77}
		{D70239CE-F618-42AB-9C36-517BBB3E1BF5} = {000A4847-8DB3-4836-8D86-C2D65D55E496}
		{ED375723-880D-4D22-B06A-FA8FA4E5567F} = {000A4847-8DB3-4836-8D86-C2D65D55E496}
		{8BAA95E6-038C-4199-AE80-6F7EAFEC5F2F} = {000A4847-8DB3-4836-8D86-C2D65D55E496}
		{A2986266-3FB0-4270-A8F2-63512E4CAF81} = {000A4847-8DB3-4836-8D86-C2D65D55E496}
		{8C1EE929-3D6E-4E33-99A4-46D329447CDB} = {000A4847-8DB3-4836-8D86-C2D65D55E496}
		{758B656F-9FF6-4F58-9690-06D0C267159E} = {9B71F506-6648-4E17-ADF8-A586875055D7}
		{4770A3C6-12A4-49E3-BC59-D669B50F189C} = {E31A3241-D926-405D-B557-79C9EBFF0134}
	EndGlobalSection
	GlobalSection(ExtensibilityGlobals) = postSolution
		SolutionGuid = {6943C0B5-C688-4621-AF2B-62F999BC9AB3}
	EndGlobalSection
EndGlobal
