
Microsoft Visual Studio Solution File, Format Version 12.00
# Visual Studio 15
VisualStudioVersion = 15.0.26124.0
MinimumVisualStudioVersion = 15.0.26124.0
Project("{2150E333-8FDC-42A3-9474-1A3956D46DE8}") = "Shared", "Shared", "{3A446DC7-8794-4A0D-9691-86CFC0ABBA63}"
	ProjectSection(SolutionItems) = preProject
		Shared\SpiderEye.ruleset = Shared\SpiderEye.ruleset
		Shared\SpiderEye.Shared.proj = Shared\SpiderEye.Shared.proj
		Shared\stylecop.json = Shared\stylecop.json
	EndProjectSection
EndProject
Project("{9A19103F-16F7-4668-BE54-9A1E7A4F7556}") = "SpiderEye", "Source\SpiderEye\SpiderEye.csproj", "{E35D2DF8-6640-4CB4-9D4C-D3CDCDF2F005}"
EndProject
Project("{2150E333-8FDC-42A3-9474-1A3956D46DE8}") = "Examples", "Examples", "{396EF2BD-0F44-46DC-AA11-168E60FF3DBB}"
EndProject
Project("{9A19103F-16F7-4668-BE54-9A1E7A4F7556}") = "SpiderEye.Example.Spa", "Examples\SpiderEye.Example.Spa\SpiderEye.Example.Spa.csproj", "{7773DBF8-7B14-4863-BED5-C7EA11263C5B}"
EndProject
Project("{9A19103F-16F7-4668-BE54-9A1E7A4F7556}") = "SpiderEye.Example.Simple", "Examples\SpiderEye.Example.Simple\SpiderEye.Example.Simple.csproj", "{FFAA508B-880C-4379-954B-DE72EA878E6D}"
EndProject
Project("{2150E333-8FDC-42A3-9474-1A3956D46DE8}") = "Solution Items", "Solution Items", "{3C24AA46-3134-4DE4-89C5-E9A5DC144FCE}"
	ProjectSection(SolutionItems) = preProject
		.editorconfig = .editorconfig
		README.md = README.md
	EndProjectSection
EndProject
Project("{2150E333-8FDC-42A3-9474-1A3956D46DE8}") = "Source", "Source", "{E31A3241-D926-405D-B557-79C9EBFF0134}"
EndProject
Global
	GlobalSection(SolutionConfigurationPlatforms) = preSolution
		Debug|Any CPU = Debug|Any CPU
		Debug|x64 = Debug|x64
		Debug|x86 = Debug|x86
		Release|Any CPU = Release|Any CPU
		Release|x64 = Release|x64
		Release|x86 = Release|x86
	EndGlobalSection
	GlobalSection(ProjectConfigurationPlatforms) = postSolution
		{E35D2DF8-6640-4CB4-9D4C-D3CDCDF2F005}.Debug|Any CPU.ActiveCfg = Debug|Any CPU
		{E35D2DF8-6640-4CB4-9D4C-D3CDCDF2F005}.Debug|Any CPU.Build.0 = Debug|Any CPU
		{E35D2DF8-6640-4CB4-9D4C-D3CDCDF2F005}.Debug|x64.ActiveCfg = Debug|Any CPU
		{E35D2DF8-6640-4CB4-9D4C-D3CDCDF2F005}.Debug|x64.Build.0 = Debug|Any CPU
		{E35D2DF8-6640-4CB4-9D4C-D3CDCDF2F005}.Debug|x86.ActiveCfg = Debug|Any CPU
		{E35D2DF8-6640-4CB4-9D4C-D3CDCDF2F005}.Debug|x86.Build.0 = Debug|Any CPU
		{E35D2DF8-6640-4CB4-9D4C-D3CDCDF2F005}.Release|Any CPU.ActiveCfg = Release|Any CPU
		{E35D2DF8-6640-4CB4-9D4C-D3CDCDF2F005}.Release|Any CPU.Build.0 = Release|Any CPU
		{E35D2DF8-6640-4CB4-9D4C-D3CDCDF2F005}.Release|x64.ActiveCfg = Release|Any CPU
		{E35D2DF8-6640-4CB4-9D4C-D3CDCDF2F005}.Release|x64.Build.0 = Release|Any CPU
		{E35D2DF8-6640-4CB4-9D4C-D3CDCDF2F005}.Release|x86.ActiveCfg = Release|Any CPU
		{E35D2DF8-6640-4CB4-9D4C-D3CDCDF2F005}.Release|x86.Build.0 = Release|Any CPU
		{7773DBF8-7B14-4863-BED5-C7EA11263C5B}.Debug|Any CPU.ActiveCfg = Debug|Any CPU
		{7773DBF8-7B14-4863-BED5-C7EA11263C5B}.Debug|Any CPU.Build.0 = Debug|Any CPU
		{7773DBF8-7B14-4863-BED5-C7EA11263C5B}.Debug|x64.ActiveCfg = Debug|Any CPU
		{7773DBF8-7B14-4863-BED5-C7EA11263C5B}.Debug|x64.Build.0 = Debug|Any CPU
		{7773DBF8-7B14-4863-BED5-C7EA11263C5B}.Debug|x86.ActiveCfg = Debug|Any CPU
		{7773DBF8-7B14-4863-BED5-C7EA11263C5B}.Debug|x86.Build.0 = Debug|Any CPU
		{7773DBF8-7B14-4863-BED5-C7EA11263C5B}.Release|Any CPU.ActiveCfg = Release|Any CPU
		{7773DBF8-7B14-4863-BED5-C7EA11263C5B}.Release|Any CPU.Build.0 = Release|Any CPU
		{7773DBF8-7B14-4863-BED5-C7EA11263C5B}.Release|x64.ActiveCfg = Release|Any CPU
		{7773DBF8-7B14-4863-BED5-C7EA11263C5B}.Release|x64.Build.0 = Release|Any CPU
		{7773DBF8-7B14-4863-BED5-C7EA11263C5B}.Release|x86.ActiveCfg = Release|Any CPU
		{7773DBF8-7B14-4863-BED5-C7EA11263C5B}.Release|x86.Build.0 = Release|Any CPU
		{FFAA508B-880C-4379-954B-DE72EA878E6D}.Debug|Any CPU.ActiveCfg = Debug|Any CPU
		{FFAA508B-880C-4379-954B-DE72EA878E6D}.Debug|Any CPU.Build.0 = Debug|Any CPU
		{FFAA508B-880C-4379-954B-DE72EA878E6D}.Debug|x64.ActiveCfg = Debug|Any CPU
		{FFAA508B-880C-4379-954B-DE72EA878E6D}.Debug|x64.Build.0 = Debug|Any CPU
		{FFAA508B-880C-4379-954B-DE72EA878E6D}.Debug|x86.ActiveCfg = Debug|Any CPU
		{FFAA508B-880C-4379-954B-DE72EA878E6D}.Debug|x86.Build.0 = Debug|Any CPU
		{FFAA508B-880C-4379-954B-DE72EA878E6D}.Release|Any CPU.ActiveCfg = Release|Any CPU
		{FFAA508B-880C-4379-954B-DE72EA878E6D}.Release|Any CPU.Build.0 = Release|Any CPU
		{FFAA508B-880C-4379-954B-DE72EA878E6D}.Release|x64.ActiveCfg = Release|Any CPU
		{FFAA508B-880C-4379-954B-DE72EA878E6D}.Release|x64.Build.0 = Release|Any CPU
		{FFAA508B-880C-4379-954B-DE72EA878E6D}.Release|x86.ActiveCfg = Release|Any CPU
		{FFAA508B-880C-4379-954B-DE72EA878E6D}.Release|x86.Build.0 = Release|Any CPU
	EndGlobalSection
	GlobalSection(SolutionProperties) = preSolution
		HideSolutionNode = FALSE
	EndGlobalSection
	GlobalSection(NestedProjects) = preSolution
		{E35D2DF8-6640-4CB4-9D4C-D3CDCDF2F005} = {E31A3241-D926-405D-B557-79C9EBFF0134}
		{7773DBF8-7B14-4863-BED5-C7EA11263C5B} = {396EF2BD-0F44-46DC-AA11-168E60FF3DBB}
		{FFAA508B-880C-4379-954B-DE72EA878E6D} = {396EF2BD-0F44-46DC-AA11-168E60FF3DBB}
	EndGlobalSection
	GlobalSection(ExtensibilityGlobals) = postSolution
		SolutionGuid = {6943C0B5-C688-4621-AF2B-62F999BC9AB3}
	EndGlobalSection
EndGlobal
